
Microsoft Visual Studio Solution File, Format Version 12.00
# Visual Studio Version 16
VisualStudioVersion = 16.0.29209.62
MinimumVisualStudioVersion = 10.0.40219.1
Project("{FAE04EC0-301F-11D3-BF4B-00C04F79EFBC}") = "Geometry", "Geometry\Geometry.csproj", "{5AF55B70-0DC0-469A-91FD-95556E67427D}"
EndProject
Global
	GlobalSection(SolutionConfigurationPlatforms) = preSolution
		Debug|Any CPU = Debug|Any CPU
		Release|Any CPU = Release|Any CPU
	EndGlobalSection
	GlobalSection(ProjectConfigurationPlatforms) = postSolution
		{5AF55B70-0DC0-469A-91FD-95556E67427D}.Debug|Any CPU.ActiveCfg = Debug|Any CPU
		{5AF55B70-0DC0-469A-91FD-95556E67427D}.Debug|Any CPU.Build.0 = Debug|Any CPU
		{5AF55B70-0DC0-469A-91FD-95556E67427D}.Release|Any CPU.ActiveCfg = Release|Any CPU
		{5AF55B70-0DC0-469A-91FD-95556E67427D}.Release|Any CPU.Build.0 = Release|Any CPU
	EndGlobalSection
	GlobalSection(SolutionProperties) = preSolution
		HideSolutionNode = FALSE
	EndGlobalSection
	GlobalSection(ExtensibilityGlobals) = postSolution
		SolutionGuid = {597B5FB6-D257-4BAC-AC6C-B5ADF6166EF2}
	EndGlobalSection
EndGlobal
